
Microsoft Visual Studio Solution File, Format Version 12.00
# Visual Studio 2012
Project("{FAE04EC0-301F-11D3-BF4B-00C04F79EFBC}") = "01.Shapes", "01.Shapes.csproj", "{8AD12C4A-58CB-4860-B8D0-AF5D6EAF9630}"
EndProject
Global
	GlobalSection(SolutionConfigurationPlatforms) = preSolution
		Debug|Any CPU = Debug|Any CPU
		Release|Any CPU = Release|Any CPU
	EndGlobalSection
	GlobalSection(ProjectConfigurationPlatforms) = postSolution
		{8AD12C4A-58CB-4860-B8D0-AF5D6EAF9630}.Debug|Any CPU.ActiveCfg = Debug|Any CPU
		{8AD12C4A-58CB-4860-B8D0-AF5D6EAF9630}.Debug|Any CPU.Build.0 = Debug|Any CPU
		{8AD12C4A-58CB-4860-B8D0-AF5D6EAF9630}.Release|Any CPU.ActiveCfg = Release|Any CPU
		{8AD12C4A-58CB-4860-B8D0-AF5D6EAF9630}.Release|Any CPU.Build.0 = Release|Any CPU
	EndGlobalSection
EndGlobal
